// !$*UTF8*$!
{
	archiveVersion = 1;
	classes = {
	};
	objectVersion = 77;
	objects = {

/* Begin PBXBuildFile section */
		09131AB5585BD3B485DED375 /* Assets.xcassets in Resources */ = {isa = PBXBuildFile; fileRef = 1D393E630B373F584368E1C1 /* Assets.xcassets */; };
		0AAE579343E7D53F5B825E37 /* WorkflowActionCoordinator.swift in Sources */ = {isa = PBXBuildFile; fileRef = E391D90F06336251FDD582F2 /* WorkflowActionCoordinator.swift */; };
		0F6634A3CFB26914E3E63CE4 /* LibrarySnapshotBuilder.swift in Sources */ = {isa = PBXBuildFile; fileRef = D275D6E83B86659A791D96C0 /* LibrarySnapshotBuilder.swift */; };
		102A18CBCC8452DA3501602F /* ArtifactHandle.swift in Sources */ = {isa = PBXBuildFile; fileRef = C06D890521617C46A0B30DDB /* ArtifactHandle.swift */; };
		1165F9DA6EA3092C39C86D9C /* DocumentModels.swift in Sources */ = {isa = PBXBuildFile; fileRef = C58E2113FCFA233787034705 /* DocumentModels.swift */; };
		1270988C781DF49615F2340B /* PreviewSessionID.swift in Sources */ = {isa = PBXBuildFile; fileRef = 719CEBD6BDEFA69B3F710CFF /* PreviewSessionID.swift */; };
		1A501FA195091734AA55172B /* ArtifactModels.swift in Sources */ = {isa = PBXBuildFile; fileRef = BB46C2E0604798A19A9A2153 /* ArtifactModels.swift */; };
		25EC8181CD7B97BEE5821EE4 /* WorkflowPersister.swift in Sources */ = {isa = PBXBuildFile; fileRef = 0E32E67C5E7D6E2FDEFDE1ED /* WorkflowPersister.swift */; };
		2C138F4999BE3D047B107710 /* InvoiceOrganizerTests.swift in Sources */ = {isa = PBXBuildFile; fileRef = FCCE5C80EEF23F66C41BB114 /* InvoiceOrganizerTests.swift */; };
		2E9533B2D8AF0A8D79A7EA1C /* InvoiceTextStore.swift in Sources */ = {isa = PBXBuildFile; fileRef = EAD98E348516723DF65B3072 /* InvoiceTextStore.swift */; };
		3072378B8BFF577841B1F119 /* QueueSidebar.swift in Sources */ = {isa = PBXBuildFile; fileRef = C323274BD1CBEA57661C2128 /* QueueSidebar.swift */; };
		376C57B76E8FB72913092367 /* PreviewAssetProvider.swift in Sources */ = {isa = PBXBuildFile; fileRef = 661B9E1AD61E265CA0D271C5 /* PreviewAssetProvider.swift */; };
		450096BBC785EA5444440B1C /* PreviewRotationCoordinator.swift in Sources */ = {isa = PBXBuildFile; fileRef = 1EAB61CD3DEBDFC60E682731 /* PreviewRotationCoordinator.swift */; };
		45BA615069AA584B57C73103 /* DuplicateModels.swift in Sources */ = {isa = PBXBuildFile; fileRef = BB2AC1BF353ED96C3261AE0D /* DuplicateModels.swift */; };
		45DE59470A3570960FE04BFF /* InvoiceWorkspaceMover.swift in Sources */ = {isa = PBXBuildFile; fileRef = 1D2F94DFF5AF590676A83D33 /* InvoiceWorkspaceMover.swift */; };
		4B5085087E7A30C4E56FF281 /* DocumentTextExtractor.swift in Sources */ = {isa = PBXBuildFile; fileRef = 7AB0FA9279C3AF73F4A32F11 /* DocumentTextExtractor.swift */; };
		5083F31BF23A63D2CD1E6BDE /* ContentView.swift in Sources */ = {isa = PBXBuildFile; fileRef = A10DF2A883449B3756EB0884 /* ContentView.swift */; };
		50DDBA9ADE86B41DF95FFB33 /* ArtifactComputationCache.swift in Sources */ = {isa = PBXBuildFile; fileRef = F4C394D71B7FE207AB3901D9 /* ArtifactComputationCache.swift */; };
		512AD01EE37BD0FB4DD60083 /* InvoiceDetailView.swift in Sources */ = {isa = PBXBuildFile; fileRef = AF26BF029CF6CC63B244CE12 /* InvoiceDetailView.swift */; };
		52FC2731E83E4A0C378F19C2 /* InvoiceInternalDrag.swift in Sources */ = {isa = PBXBuildFile; fileRef = B35FE8B116D9A63DD99B2CD7 /* InvoiceInternalDrag.swift */; };
		534ED6E769D4298E38C7701D /* PhysicalArtifactIdentityStore.swift in Sources */ = {isa = PBXBuildFile; fileRef = F6B05263495F9A4FF2953824 /* PhysicalArtifactIdentityStore.swift */; };
		59DBDC8510729494AF771643 /* DuplicateDetector.swift in Sources */ = {isa = PBXBuildFile; fileRef = A28C5011B0C04CA094EC2609 /* DuplicateDetector.swift */; };
		619BDB7310BD91F7B64A5AE2 /* PreviewCard.swift in Sources */ = {isa = PBXBuildFile; fileRef = 19C3303215CD07153C549E46 /* PreviewCard.swift */; };
		632AA60CA3CB899E01E5393D /* AppStorageKeys.swift in Sources */ = {isa = PBXBuildFile; fileRef = 539E3D8463B2C036C9957727 /* AppStorageKeys.swift */; };
		674515D41F153EC079AB144F /* DragExportService.swift in Sources */ = {isa = PBXBuildFile; fileRef = 5C2B0EF7678E0C79BC24E477 /* DragExportService.swift */; };
		690DBE2327AFFDD86FCAB2A3 /* PreviewCommitRequest.swift in Sources */ = {isa = PBXBuildFile; fileRef = 39F70B699EF2BE473851EF93 /* PreviewCommitRequest.swift */; };
		69D8B620E43207AF67A772B6 /* SettingsView.swift in Sources */ = {isa = PBXBuildFile; fileRef = A587DF34889CF4FA79C18976 /* SettingsView.swift */; };
		6A07946F035B7D6307032344 /* InvoiceFileRotator.swift in Sources */ = {isa = PBXBuildFile; fileRef = 30B92089CBED91EFFF2B8FBD /* InvoiceFileRotator.swift */; };
		6A89CC3CBAFCBD7A8FAD032F /* InvoiceStructuredDataStore.swift in Sources */ = {isa = PBXBuildFile; fileRef = CCF1D7BED0537F108CE6E745 /* InvoiceStructuredDataStore.swift */; };
		6BBBDC0A858120A4FFA00036 /* ArchivePathBuilder.swift in Sources */ = {isa = PBXBuildFile; fileRef = D0A89232411F7BFE6110AA18 /* ArchivePathBuilder.swift */; };
		6D6246C485A24CFA4E4FBD14 /* SelectAllOnFocus.swift in Sources */ = {isa = PBXBuildFile; fileRef = 280B4810D31878273E9E22B0 /* SelectAllOnFocus.swift */; };
		710CB18BC5826C5B8973D5CB /* InvoiceWorkflowStore.swift in Sources */ = {isa = PBXBuildFile; fileRef = 43D52179153F771CF8FB386D /* InvoiceWorkflowStore.swift */; };
		76ACC649AB66DB4F0C6A9380 /* AppModel.swift in Sources */ = {isa = PBXBuildFile; fileRef = A4BEDBC9AE365973B7AFAA0C /* AppModel.swift */; };
		82FA2918CA0BD70D45E76E0C /* SetupRequiredView.swift in Sources */ = {isa = PBXBuildFile; fileRef = 352246B9A9E5914AD01C319E /* SetupRequiredView.swift */; };
		831B14D18FD8EED458D3CDA2 /* ReplacementPreviewRenderer.swift in Sources */ = {isa = PBXBuildFile; fileRef = 890624B54CA6140BDBEF5B82 /* ReplacementPreviewRenderer.swift */; };
		83ECCB9A5900200E7F2BA87A /* DataEntryCard.swift in Sources */ = {isa = PBXBuildFile; fileRef = 466579A9DB3D8829B3512351 /* DataEntryCard.swift */; };
		87E0FD30EEFE88B1174BD6C4 /* FolderPicker.swift in Sources */ = {isa = PBXBuildFile; fileRef = 84B72E2F14F2484DF372353A /* FolderPicker.swift */; };
		888957EC03D662551738A5F1 /* ActivePreviewContext.swift in Sources */ = {isa = PBXBuildFile; fileRef = 54CB09A3CB7ADCEEC97939DA /* ActivePreviewContext.swift */; };
		8CAAC07F44B525554D1049CD /* InvoiceArchiver.swift in Sources */ = {isa = PBXBuildFile; fileRef = 14871783BF02D73949C3FD6B /* InvoiceArchiver.swift */; };
		8FDA23D49EA2E77B9E33C3C3 /* InvoiceOrganizer.swift in Sources */ = {isa = PBXBuildFile; fileRef = 78FD9A85C78EBE3E91D8A16B /* InvoiceOrganizer.swift */; };
		8FE3202B65B0675F5791F0FD /* FileSystemReconciler.swift in Sources */ = {isa = PBXBuildFile; fileRef = 71E06555631417D9EC5E3DCA /* FileSystemReconciler.swift */; };
		A2347D9B9A9CF3FA3A53A249 /* InboxFileScanner.swift in Sources */ = {isa = PBXBuildFile; fileRef = 2A09E6698764231FA35A064B /* InboxFileScanner.swift */; };
		A66C5448BF50F5CE76501A16 /* VendorField.swift in Sources */ = {isa = PBXBuildFile; fileRef = BEAA5D10C6354B20E1C62723 /* VendorField.swift */; };
		A968A5F4295E7484CDE14E37 /* MetadataCard.swift in Sources */ = {isa = PBXBuildFile; fileRef = AD2966DA8927843A277944D0 /* MetadataCard.swift */; };
		AAE047B68510D3CA39C47D7B /* HEICConversionService.swift in Sources */ = {isa = PBXBuildFile; fileRef = 39C9F2297AAA7C5B0B246F2D /* HEICConversionService.swift */; };
		ADE24B3B39591DDF3C2B95CB /* InvoiceBrowserView.swift in Sources */ = {isa = PBXBuildFile; fileRef = E1E8D83B92318C265A64BB5A /* InvoiceBrowserView.swift */; };
		BC83E30BB70637C9DE4A9D2F /* FileSystemWatcher.swift in Sources */ = {isa = PBXBuildFile; fileRef = E268A82D45D710A14642278A /* FileSystemWatcher.swift */; };
		C3458C702A574D12EA6725A6 /* Sparkle in Frameworks */ = {isa = PBXBuildFile; productRef = 62C5D55AC0D492C024EC571F /* Sparkle */; };
		C3D71663279699EF4D274B0A /* PreviewViewState.swift in Sources */ = {isa = PBXBuildFile; fileRef = C63BE6A6AEABB8ED101E4CD1 /* PreviewViewState.swift */; };
		C5DE422C5F2C010162EA5087 /* InvoicePreviewView.swift in Sources */ = {isa = PBXBuildFile; fileRef = C58BFD64B2F94DFEF9D5D35A /* InvoicePreviewView.swift */; };
		C6EBB48CF0C2DFE11D9FC290 /* FilenameReconciler.swift in Sources */ = {isa = PBXBuildFile; fileRef = 8859CBC8FCFBFFFCD16E3550 /* FilenameReconciler.swift */; };
		C78061C69E4D70916133E061 /* TextExtractionHandler.swift in Sources */ = {isa = PBXBuildFile; fileRef = E303DDF3793A4D54315D3D7A /* TextExtractionHandler.swift */; };
		D3FC7CA9540984636610BC0F /* QueueViewContexts.swift in Sources */ = {isa = PBXBuildFile; fileRef = F2029C3196E67EF6A47A3366 /* QueueViewContexts.swift */; };
		D6BAFBDD7D71F31FF0AECDF4 /* FormField.swift in Sources */ = {isa = PBXBuildFile; fileRef = 275E539E7266BD6630D2AA40 /* FormField.swift */; };
		DA52C84315CFF7BB898AAC3F /* ContentHashQueue.swift in Sources */ = {isa = PBXBuildFile; fileRef = ACA4F1B6D149E7E195DAD42A /* ContentHashQueue.swift */; };
		DE099784CA01A55E7785B247 /* ArtifactAccessCoordinator.swift in Sources */ = {isa = PBXBuildFile; fileRef = 6796E8204ECE65BE00F76321 /* ArtifactAccessCoordinator.swift */; };
		E2A2F8CF74CE82DD1542D6BD /* InvoiceStructuredExtractionClient.swift in Sources */ = {isa = PBXBuildFile; fileRef = F85923FD6EF7364C426A589D /* InvoiceStructuredExtractionClient.swift */; };
		E65919A51DC8A1835F5CC1B4 /* QueueStatusCard.swift in Sources */ = {isa = PBXBuildFile; fileRef = 3F148EE8CC3F868A3314FE06 /* QueueStatusCard.swift */; };
		EC27B68333CFF2ABCB357807 /* MetadataCommitRequest.swift in Sources */ = {isa = PBXBuildFile; fileRef = 6F970815666CD666FD723E03 /* MetadataCommitRequest.swift */; };
		F1DD263D8142276399819C2A /* StructuredExtractionHandler.swift in Sources */ = {isa = PBXBuildFile; fileRef = 150C9BA921200FE9C87F83F6 /* StructuredExtractionHandler.swift */; };
		F302FA072F9A49B5BBFF102D /* CheckForUpdatesView.swift in Sources */ = {isa = PBXBuildFile; fileRef = 3B234C551E2440907921BBB2 /* CheckForUpdatesView.swift */; };
		F9A181E26A96C1A3679F9663 /* HEICConversionQueueModel.swift in Sources */ = {isa = PBXBuildFile; fileRef = 250B0574F95522FF6E689A97 /* HEICConversionQueueModel.swift */; };
		FCB15CFC8FB3A1C3DCB67942 /* FileHasher.swift in Sources */ = {isa = PBXBuildFile; fileRef = 7F6D5AC17B04AE12587BC23B /* FileHasher.swift */; };
/* End PBXBuildFile section */

/* Begin PBXContainerItemProxy section */
		32AC6956C27B7A7CE34E7EC3 /* PBXContainerItemProxy */ = {
			isa = PBXContainerItemProxy;
			containerPortal = 000FCF84A82336A4DAC16ACB /* Project object */;
			proxyType = 1;
			remoteGlobalIDString = DB3F53DC411AC364BEA3B6B1;
			remoteInfo = InvoiceOrganizer;
		};
/* End PBXContainerItemProxy section */

/* Begin PBXFileReference section */
		0E32E67C5E7D6E2FDEFDE1ED /* WorkflowPersister.swift */ = {isa = PBXFileReference; lastKnownFileType = sourcecode.swift; path = WorkflowPersister.swift; sourceTree = "<group>"; };
		14871783BF02D73949C3FD6B /* InvoiceArchiver.swift */ = {isa = PBXFileReference; lastKnownFileType = sourcecode.swift; path = InvoiceArchiver.swift; sourceTree = "<group>"; };
		150C9BA921200FE9C87F83F6 /* StructuredExtractionHandler.swift */ = {isa = PBXFileReference; lastKnownFileType = sourcecode.swift; path = StructuredExtractionHandler.swift; sourceTree = "<group>"; };
		19C3303215CD07153C549E46 /* PreviewCard.swift */ = {isa = PBXFileReference; lastKnownFileType = sourcecode.swift; path = PreviewCard.swift; sourceTree = "<group>"; };
		1D2F94DFF5AF590676A83D33 /* InvoiceWorkspaceMover.swift */ = {isa = PBXFileReference; lastKnownFileType = sourcecode.swift; path = InvoiceWorkspaceMover.swift; sourceTree = "<group>"; };
		1D393E630B373F584368E1C1 /* Assets.xcassets */ = {isa = PBXFileReference; lastKnownFileType = folder.assetcatalog; path = Assets.xcassets; sourceTree = "<group>"; };
		1EAB61CD3DEBDFC60E682731 /* PreviewRotationCoordinator.swift */ = {isa = PBXFileReference; lastKnownFileType = sourcecode.swift; path = PreviewRotationCoordinator.swift; sourceTree = "<group>"; };
		250B0574F95522FF6E689A97 /* HEICConversionQueueModel.swift */ = {isa = PBXFileReference; lastKnownFileType = sourcecode.swift; path = HEICConversionQueueModel.swift; sourceTree = "<group>"; };
		25AE75170AD6AFA7BA874908 /* Info.plist */ = {isa = PBXFileReference; lastKnownFileType = text.plist; path = Info.plist; sourceTree = "<group>"; };
		275E539E7266BD6630D2AA40 /* FormField.swift */ = {isa = PBXFileReference; lastKnownFileType = sourcecode.swift; path = FormField.swift; sourceTree = "<group>"; };
		280B4810D31878273E9E22B0 /* SelectAllOnFocus.swift */ = {isa = PBXFileReference; lastKnownFileType = sourcecode.swift; path = SelectAllOnFocus.swift; sourceTree = "<group>"; };
		2A09E6698764231FA35A064B /* InboxFileScanner.swift */ = {isa = PBXFileReference; lastKnownFileType = sourcecode.swift; path = InboxFileScanner.swift; sourceTree = "<group>"; };
		30B92089CBED91EFFF2B8FBD /* InvoiceFileRotator.swift */ = {isa = PBXFileReference; lastKnownFileType = sourcecode.swift; path = InvoiceFileRotator.swift; sourceTree = "<group>"; };
		352246B9A9E5914AD01C319E /* SetupRequiredView.swift */ = {isa = PBXFileReference; lastKnownFileType = sourcecode.swift; path = SetupRequiredView.swift; sourceTree = "<group>"; };
		39C9F2297AAA7C5B0B246F2D /* HEICConversionService.swift */ = {isa = PBXFileReference; lastKnownFileType = sourcecode.swift; path = HEICConversionService.swift; sourceTree = "<group>"; };
		39F70B699EF2BE473851EF93 /* PreviewCommitRequest.swift */ = {isa = PBXFileReference; lastKnownFileType = sourcecode.swift; path = PreviewCommitRequest.swift; sourceTree = "<group>"; };
		3B234C551E2440907921BBB2 /* CheckForUpdatesView.swift */ = {isa = PBXFileReference; lastKnownFileType = sourcecode.swift; path = CheckForUpdatesView.swift; sourceTree = "<group>"; };
		3F148EE8CC3F868A3314FE06 /* QueueStatusCard.swift */ = {isa = PBXFileReference; lastKnownFileType = sourcecode.swift; path = QueueStatusCard.swift; sourceTree = "<group>"; };
		43D52179153F771CF8FB386D /* InvoiceWorkflowStore.swift */ = {isa = PBXFileReference; lastKnownFileType = sourcecode.swift; path = InvoiceWorkflowStore.swift; sourceTree = "<group>"; };
		466579A9DB3D8829B3512351 /* DataEntryCard.swift */ = {isa = PBXFileReference; lastKnownFileType = sourcecode.swift; path = DataEntryCard.swift; sourceTree = "<group>"; };
		539E3D8463B2C036C9957727 /* AppStorageKeys.swift */ = {isa = PBXFileReference; lastKnownFileType = sourcecode.swift; path = AppStorageKeys.swift; sourceTree = "<group>"; };
		54CB09A3CB7ADCEEC97939DA /* ActivePreviewContext.swift */ = {isa = PBXFileReference; lastKnownFileType = sourcecode.swift; path = ActivePreviewContext.swift; sourceTree = "<group>"; };
		5C2B0EF7678E0C79BC24E477 /* DragExportService.swift */ = {isa = PBXFileReference; lastKnownFileType = sourcecode.swift; path = DragExportService.swift; sourceTree = "<group>"; };
		661B9E1AD61E265CA0D271C5 /* PreviewAssetProvider.swift */ = {isa = PBXFileReference; lastKnownFileType = sourcecode.swift; path = PreviewAssetProvider.swift; sourceTree = "<group>"; };
		6796E8204ECE65BE00F76321 /* ArtifactAccessCoordinator.swift */ = {isa = PBXFileReference; lastKnownFileType = sourcecode.swift; path = ArtifactAccessCoordinator.swift; sourceTree = "<group>"; };
		6F970815666CD666FD723E03 /* MetadataCommitRequest.swift */ = {isa = PBXFileReference; lastKnownFileType = sourcecode.swift; path = MetadataCommitRequest.swift; sourceTree = "<group>"; };
		719CEBD6BDEFA69B3F710CFF /* PreviewSessionID.swift */ = {isa = PBXFileReference; lastKnownFileType = sourcecode.swift; path = PreviewSessionID.swift; sourceTree = "<group>"; };
		71E06555631417D9EC5E3DCA /* FileSystemReconciler.swift */ = {isa = PBXFileReference; lastKnownFileType = sourcecode.swift; path = FileSystemReconciler.swift; sourceTree = "<group>"; };
		78FD9A85C78EBE3E91D8A16B /* InvoiceOrganizer.swift */ = {isa = PBXFileReference; lastKnownFileType = sourcecode.swift; path = InvoiceOrganizer.swift; sourceTree = "<group>"; };
		7AB0FA9279C3AF73F4A32F11 /* DocumentTextExtractor.swift */ = {isa = PBXFileReference; lastKnownFileType = sourcecode.swift; path = DocumentTextExtractor.swift; sourceTree = "<group>"; };
		7F6D5AC17B04AE12587BC23B /* FileHasher.swift */ = {isa = PBXFileReference; lastKnownFileType = sourcecode.swift; path = FileHasher.swift; sourceTree = "<group>"; };
		84B72E2F14F2484DF372353A /* FolderPicker.swift */ = {isa = PBXFileReference; lastKnownFileType = sourcecode.swift; path = FolderPicker.swift; sourceTree = "<group>"; };
		8859CBC8FCFBFFFCD16E3550 /* FilenameReconciler.swift */ = {isa = PBXFileReference; lastKnownFileType = sourcecode.swift; path = FilenameReconciler.swift; sourceTree = "<group>"; };
		890624B54CA6140BDBEF5B82 /* ReplacementPreviewRenderer.swift */ = {isa = PBXFileReference; lastKnownFileType = sourcecode.swift; path = ReplacementPreviewRenderer.swift; sourceTree = "<group>"; };
		8954A8C3B26AEE2DDE97AD98 /* InvoiceOrganizerTests.xctest */ = {isa = PBXFileReference; explicitFileType = wrapper.cfbundle; includeInIndex = 0; path = InvoiceOrganizerTests.xctest; sourceTree = BUILT_PRODUCTS_DIR; };
		A10DF2A883449B3756EB0884 /* ContentView.swift */ = {isa = PBXFileReference; lastKnownFileType = sourcecode.swift; path = ContentView.swift; sourceTree = "<group>"; };
		A28C5011B0C04CA094EC2609 /* DuplicateDetector.swift */ = {isa = PBXFileReference; lastKnownFileType = sourcecode.swift; path = DuplicateDetector.swift; sourceTree = "<group>"; };
		A4BEDBC9AE365973B7AFAA0C /* AppModel.swift */ = {isa = PBXFileReference; lastKnownFileType = sourcecode.swift; path = AppModel.swift; sourceTree = "<group>"; };
		A587DF34889CF4FA79C18976 /* SettingsView.swift */ = {isa = PBXFileReference; lastKnownFileType = sourcecode.swift; path = SettingsView.swift; sourceTree = "<group>"; };
		ACA4F1B6D149E7E195DAD42A /* ContentHashQueue.swift */ = {isa = PBXFileReference; lastKnownFileType = sourcecode.swift; path = ContentHashQueue.swift; sourceTree = "<group>"; };
		AD2966DA8927843A277944D0 /* MetadataCard.swift */ = {isa = PBXFileReference; lastKnownFileType = sourcecode.swift; path = MetadataCard.swift; sourceTree = "<group>"; };
		AF26BF029CF6CC63B244CE12 /* InvoiceDetailView.swift */ = {isa = PBXFileReference; lastKnownFileType = sourcecode.swift; path = InvoiceDetailView.swift; sourceTree = "<group>"; };
		B35FE8B116D9A63DD99B2CD7 /* InvoiceInternalDrag.swift */ = {isa = PBXFileReference; lastKnownFileType = sourcecode.swift; path = InvoiceInternalDrag.swift; sourceTree = "<group>"; };
		BB2AC1BF353ED96C3261AE0D /* DuplicateModels.swift */ = {isa = PBXFileReference; lastKnownFileType = sourcecode.swift; path = DuplicateModels.swift; sourceTree = "<group>"; };
		BB46C2E0604798A19A9A2153 /* ArtifactModels.swift */ = {isa = PBXFileReference; lastKnownFileType = sourcecode.swift; path = ArtifactModels.swift; sourceTree = "<group>"; };
		BEAA5D10C6354B20E1C62723 /* VendorField.swift */ = {isa = PBXFileReference; lastKnownFileType = sourcecode.swift; path = VendorField.swift; sourceTree = "<group>"; };
		C06D890521617C46A0B30DDB /* ArtifactHandle.swift */ = {isa = PBXFileReference; lastKnownFileType = sourcecode.swift; path = ArtifactHandle.swift; sourceTree = "<group>"; };
		C323274BD1CBEA57661C2128 /* QueueSidebar.swift */ = {isa = PBXFileReference; lastKnownFileType = sourcecode.swift; path = QueueSidebar.swift; sourceTree = "<group>"; };
		C58BFD64B2F94DFEF9D5D35A /* InvoicePreviewView.swift */ = {isa = PBXFileReference; lastKnownFileType = sourcecode.swift; path = InvoicePreviewView.swift; sourceTree = "<group>"; };
		C58E2113FCFA233787034705 /* DocumentModels.swift */ = {isa = PBXFileReference; lastKnownFileType = sourcecode.swift; path = DocumentModels.swift; sourceTree = "<group>"; };
		C63BE6A6AEABB8ED101E4CD1 /* PreviewViewState.swift */ = {isa = PBXFileReference; lastKnownFileType = sourcecode.swift; path = PreviewViewState.swift; sourceTree = "<group>"; };
		C9E8C5B1DD8E7E21DD2C4AAF /* InvoiceOrganizer.app */ = {isa = PBXFileReference; explicitFileType = wrapper.application; includeInIndex = 0; path = InvoiceOrganizer.app; sourceTree = BUILT_PRODUCTS_DIR; };
		CCF1D7BED0537F108CE6E745 /* InvoiceStructuredDataStore.swift */ = {isa = PBXFileReference; lastKnownFileType = sourcecode.swift; path = InvoiceStructuredDataStore.swift; sourceTree = "<group>"; };
		D0A89232411F7BFE6110AA18 /* ArchivePathBuilder.swift */ = {isa = PBXFileReference; lastKnownFileType = sourcecode.swift; path = ArchivePathBuilder.swift; sourceTree = "<group>"; };
		D275D6E83B86659A791D96C0 /* LibrarySnapshotBuilder.swift */ = {isa = PBXFileReference; lastKnownFileType = sourcecode.swift; path = LibrarySnapshotBuilder.swift; sourceTree = "<group>"; };
		E1E8D83B92318C265A64BB5A /* InvoiceBrowserView.swift */ = {isa = PBXFileReference; lastKnownFileType = sourcecode.swift; path = InvoiceBrowserView.swift; sourceTree = "<group>"; };
		E268A82D45D710A14642278A /* FileSystemWatcher.swift */ = {isa = PBXFileReference; lastKnownFileType = sourcecode.swift; path = FileSystemWatcher.swift; sourceTree = "<group>"; };
		E303DDF3793A4D54315D3D7A /* TextExtractionHandler.swift */ = {isa = PBXFileReference; lastKnownFileType = sourcecode.swift; path = TextExtractionHandler.swift; sourceTree = "<group>"; };
		E391D90F06336251FDD582F2 /* WorkflowActionCoordinator.swift */ = {isa = PBXFileReference; lastKnownFileType = sourcecode.swift; path = WorkflowActionCoordinator.swift; sourceTree = "<group>"; };
		EAD98E348516723DF65B3072 /* InvoiceTextStore.swift */ = {isa = PBXFileReference; lastKnownFileType = sourcecode.swift; path = InvoiceTextStore.swift; sourceTree = "<group>"; };
		F2029C3196E67EF6A47A3366 /* QueueViewContexts.swift */ = {isa = PBXFileReference; lastKnownFileType = sourcecode.swift; path = QueueViewContexts.swift; sourceTree = "<group>"; };
		F4C394D71B7FE207AB3901D9 /* ArtifactComputationCache.swift */ = {isa = PBXFileReference; lastKnownFileType = sourcecode.swift; path = ArtifactComputationCache.swift; sourceTree = "<group>"; };
		F6B05263495F9A4FF2953824 /* PhysicalArtifactIdentityStore.swift */ = {isa = PBXFileReference; lastKnownFileType = sourcecode.swift; path = PhysicalArtifactIdentityStore.swift; sourceTree = "<group>"; };
		F85923FD6EF7364C426A589D /* InvoiceStructuredExtractionClient.swift */ = {isa = PBXFileReference; lastKnownFileType = sourcecode.swift; path = InvoiceStructuredExtractionClient.swift; sourceTree = "<group>"; };
		FCCE5C80EEF23F66C41BB114 /* InvoiceOrganizerTests.swift */ = {isa = PBXFileReference; lastKnownFileType = sourcecode.swift; path = InvoiceOrganizerTests.swift; sourceTree = "<group>"; };
/* End PBXFileReference section */

/* Begin PBXFrameworksBuildPhase section */
		429E38AE9F29FB419FEBEF8C /* Frameworks */ = {
			isa = PBXFrameworksBuildPhase;
			buildActionMask = 2147483647;
			files = (
				C3458C702A574D12EA6725A6 /* Sparkle in Frameworks */,
			);
			runOnlyForDeploymentPostprocessing = 0;
		};
/* End PBXFrameworksBuildPhase section */

/* Begin PBXGroup section */
		07409D3A43A3CA70994EDD92 /* Main */ = {
			isa = PBXGroup;
			children = (
				352246B9A9E5914AD01C319E /* SetupRequiredView.swift */,
			);
			path = Main;
			sourceTree = "<group>";
		};
		101F9C2FE13D8980393B05F2 /* Dedup */ = {
			isa = PBXGroup;
			children = (
				A28C5011B0C04CA094EC2609 /* DuplicateDetector.swift */,
			);
			path = Dedup;
			sourceTree = "<group>";
		};
		20E173D4FED9728AEF8A08BF /* FileSystem */ = {
			isa = PBXGroup;
			children = (
				7F6D5AC17B04AE12587BC23B /* FileHasher.swift */,
				71E06555631417D9EC5E3DCA /* FileSystemReconciler.swift */,
				E268A82D45D710A14642278A /* FileSystemWatcher.swift */,
			);
			path = FileSystem;
			sourceTree = "<group>";
		};
		3304332352A4E98439BA92D7 /* Models */ = {
			isa = PBXGroup;
			children = (
				C06D890521617C46A0B30DDB /* ArtifactHandle.swift */,
			);
			path = Models;
			sourceTree = "<group>";
		};
		50CB8C71C7C71EF615B0A425 /* Products */ = {
			isa = PBXGroup;
			children = (
				C9E8C5B1DD8E7E21DD2C4AAF /* InvoiceOrganizer.app */,
				8954A8C3B26AEE2DDE97AD98 /* InvoiceOrganizerTests.xctest */,
			);
			name = Products;
			sourceTree = "<group>";
		};
		5260616D62E4E5453899EA75 /* Preview */ = {
			isa = PBXGroup;
			children = (
				661B9E1AD61E265CA0D271C5 /* PreviewAssetProvider.swift */,
				1EAB61CD3DEBDFC60E682731 /* PreviewRotationCoordinator.swift */,
				A17A621E2B41D3918ABBD665 /* Components */,
				E2956F5E38F7D26F935B0349 /* State */,
			);
			path = Preview;
			sourceTree = "<group>";
		};
		5B2183118D184F7D90D00EF5 /* Models */ = {
			isa = PBXGroup;
			children = (
				BB46C2E0604798A19A9A2153 /* ArtifactModels.swift */,
				C58E2113FCFA233787034705 /* DocumentModels.swift */,
				BB2AC1BF353ED96C3261AE0D /* DuplicateModels.swift */,
				F2029C3196E67EF6A47A3366 /* QueueViewContexts.swift */,
			);
			path = Models;
			sourceTree = "<group>";
		};
		6301F4C988836EBBF64E2A60 = {
			isa = PBXGroup;
			children = (
				B0C58A3062C1386ACB590BD3 /* InvoiceOrganizer */,
				C14C091DD9918A72B9161ABF /* InvoiceOrganizerTests */,
				50CB8C71C7C71EF615B0A425 /* Products */,
			);
			sourceTree = "<group>";
		};
		74E715EDA9DA24290296636F /* Snapshot */ = {
			isa = PBXGroup;
			children = (
				D275D6E83B86659A791D96C0 /* LibrarySnapshotBuilder.swift */,
			);
			path = Snapshot;
			sourceTree = "<group>";
		};
		7EE99C97CA00A4F020ACE9DF /* Domain */ = {
			isa = PBXGroup;
			children = (
				101F9C2FE13D8980393B05F2 /* Dedup */,
				3304332352A4E98439BA92D7 /* Models */,
				74E715EDA9DA24290296636F /* Snapshot */,
				C964CD8739289D49FBDF61E2 /* Workflows */,
			);
			path = Domain;
			sourceTree = "<group>";
		};
		82AFA36A9FA7C9F08E9EF27B /* Controls */ = {
			isa = PBXGroup;
			children = (
				3B234C551E2440907921BBB2 /* CheckForUpdatesView.swift */,
				275E539E7266BD6630D2AA40 /* FormField.swift */,
				280B4810D31878273E9E22B0 /* SelectAllOnFocus.swift */,
				BEAA5D10C6354B20E1C62723 /* VendorField.swift */,
			);
			path = Controls;
			sourceTree = "<group>";
		};
		886DE3B65443205FEB638337 /* Infrastructure */ = {
			isa = PBXGroup;
			children = (
				20E173D4FED9728AEF8A08BF /* FileSystem */,
				9BDB1E0E3F291013F252314F /* Persistence */,
			);
			path = Infrastructure;
			sourceTree = "<group>";
		};
		8DFA9F7FDCB2E157BEE3E878 /* Support */ = {
			isa = PBXGroup;
			children = (
				84B72E2F14F2484DF372353A /* FolderPicker.swift */,
			);
			path = Support;
			sourceTree = "<group>";
		};
		95AE3B467FD2663B1676E462 /* UI */ = {
			isa = PBXGroup;
			children = (
				8DFA9F7FDCB2E157BEE3E878 /* Support */,
			);
			path = UI;
			sourceTree = "<group>";
		};
		9B7A5B96A41D6AFB1A90986C /* FileOperations */ = {
			isa = PBXGroup;
			children = (
				D0A89232411F7BFE6110AA18 /* ArchivePathBuilder.swift */,
				6796E8204ECE65BE00F76321 /* ArtifactAccessCoordinator.swift */,
				5C2B0EF7678E0C79BC24E477 /* DragExportService.swift */,
				39C9F2297AAA7C5B0B246F2D /* HEICConversionService.swift */,
				2A09E6698764231FA35A064B /* InboxFileScanner.swift */,
				14871783BF02D73949C3FD6B /* InvoiceArchiver.swift */,
				30B92089CBED91EFFF2B8FBD /* InvoiceFileRotator.swift */,
				1D2F94DFF5AF590676A83D33 /* InvoiceWorkspaceMover.swift */,
			);
			path = FileOperations;
			sourceTree = "<group>";
		};
		9BDB1E0E3F291013F252314F /* Persistence */ = {
			isa = PBXGroup;
			children = (
				CCF1D7BED0537F108CE6E745 /* InvoiceStructuredDataStore.swift */,
				EAD98E348516723DF65B3072 /* InvoiceTextStore.swift */,
				43D52179153F771CF8FB386D /* InvoiceWorkflowStore.swift */,
				F6B05263495F9A4FF2953824 /* PhysicalArtifactIdentityStore.swift */,
			);
			path = Persistence;
			sourceTree = "<group>";
		};
		A17A621E2B41D3918ABBD665 /* Components */ = {
			isa = PBXGroup;
			children = (
				BFE340162895D923D0ECEDC7 /* Replacement */,
			);
			path = Components;
			sourceTree = "<group>";
		};
		AF1D915DC98FA2135CD111B6 /* InvoiceDetail */ = {
			isa = PBXGroup;
			children = (
				466579A9DB3D8829B3512351 /* DataEntryCard.swift */,
				AF26BF029CF6CC63B244CE12 /* InvoiceDetailView.swift */,
				AD2966DA8927843A277944D0 /* MetadataCard.swift */,
				19C3303215CD07153C549E46 /* PreviewCard.swift */,
			);
			path = InvoiceDetail;
			sourceTree = "<group>";
		};
		B0C58A3062C1386ACB590BD3 /* InvoiceOrganizer */ = {
			isa = PBXGroup;
			children = (
				539E3D8463B2C036C9957727 /* AppStorageKeys.swift */,
				1D393E630B373F584368E1C1 /* Assets.xcassets */,
				A10DF2A883449B3756EB0884 /* ContentView.swift */,
				25AE75170AD6AFA7BA874908 /* Info.plist */,
				E1E8D83B92318C265A64BB5A /* InvoiceBrowserView.swift */,
				B35FE8B116D9A63DD99B2CD7 /* InvoiceInternalDrag.swift */,
				78FD9A85C78EBE3E91D8A16B /* InvoiceOrganizer.swift */,
				C58BFD64B2F94DFEF9D5D35A /* InvoicePreviewView.swift */,
				A587DF34889CF4FA79C18976 /* SettingsView.swift */,
				B7F0B9372ABB442F5650096D /* Application */,
				7EE99C97CA00A4F020ACE9DF /* Domain */,
				E22D0D246B853184B017D3AF /* Extraction */,
				9B7A5B96A41D6AFB1A90986C /* FileOperations */,
				886DE3B65443205FEB638337 /* Infrastructure */,
				5B2183118D184F7D90D00EF5 /* Models */,
				5260616D62E4E5453899EA75 /* Preview */,
				95AE3B467FD2663B1676E462 /* UI */,
				D2E3D74CEB52FB1DCBFB7232 /* Views */,
			);
			name = InvoiceOrganizer;
			path = Sources/InvoiceOrganizer;
			sourceTree = "<group>";
		};
		B7F0B9372ABB442F5650096D /* Application */ = {
			isa = PBXGroup;
			children = (
				A4BEDBC9AE365973B7AFAA0C /* AppModel.swift */,
				250B0574F95522FF6E689A97 /* HEICConversionQueueModel.swift */,
			);
			path = Application;
			sourceTree = "<group>";
		};
		B957CB5BB0D6369E611A9C63 /* Queue */ = {
			isa = PBXGroup;
			children = (
				C323274BD1CBEA57661C2128 /* QueueSidebar.swift */,
				3F148EE8CC3F868A3314FE06 /* QueueStatusCard.swift */,
			);
			path = Queue;
			sourceTree = "<group>";
		};
		BFE340162895D923D0ECEDC7 /* Replacement */ = {
			isa = PBXGroup;
			children = (
				890624B54CA6140BDBEF5B82 /* ReplacementPreviewRenderer.swift */,
			);
			path = Replacement;
			sourceTree = "<group>";
		};
		C14C091DD9918A72B9161ABF /* InvoiceOrganizerTests */ = {
			isa = PBXGroup;
			children = (
				FCCE5C80EEF23F66C41BB114 /* InvoiceOrganizerTests.swift */,
			);
			name = InvoiceOrganizerTests;
			path = Tests/InvoiceOrganizerTests;
			sourceTree = "<group>";
		};
		C964CD8739289D49FBDF61E2 /* Workflows */ = {
			isa = PBXGroup;
			children = (
				8859CBC8FCFBFFFCD16E3550 /* FilenameReconciler.swift */,
				E391D90F06336251FDD582F2 /* WorkflowActionCoordinator.swift */,
				0E32E67C5E7D6E2FDEFDE1ED /* WorkflowPersister.swift */,
			);
			path = Workflows;
			sourceTree = "<group>";
		};
		D2E3D74CEB52FB1DCBFB7232 /* Views */ = {
			isa = PBXGroup;
			children = (
				82AFA36A9FA7C9F08E9EF27B /* Controls */,
				AF1D915DC98FA2135CD111B6 /* InvoiceDetail */,
				07409D3A43A3CA70994EDD92 /* Main */,
				B957CB5BB0D6369E611A9C63 /* Queue */,
			);
			path = Views;
			sourceTree = "<group>";
		};
		E22D0D246B853184B017D3AF /* Extraction */ = {
			isa = PBXGroup;
			children = (
				F4C394D71B7FE207AB3901D9 /* ArtifactComputationCache.swift */,
				ACA4F1B6D149E7E195DAD42A /* ContentHashQueue.swift */,
				7AB0FA9279C3AF73F4A32F11 /* DocumentTextExtractor.swift */,
				F85923FD6EF7364C426A589D /* InvoiceStructuredExtractionClient.swift */,
				150C9BA921200FE9C87F83F6 /* StructuredExtractionHandler.swift */,
				E303DDF3793A4D54315D3D7A /* TextExtractionHandler.swift */,
			);
			path = Extraction;
			sourceTree = "<group>";
		};
		E2956F5E38F7D26F935B0349 /* State */ = {
			isa = PBXGroup;
			children = (
				54CB09A3CB7ADCEEC97939DA /* ActivePreviewContext.swift */,
				6F970815666CD666FD723E03 /* MetadataCommitRequest.swift */,
				39F70B699EF2BE473851EF93 /* PreviewCommitRequest.swift */,
				719CEBD6BDEFA69B3F710CFF /* PreviewSessionID.swift */,
				C63BE6A6AEABB8ED101E4CD1 /* PreviewViewState.swift */,
			);
			path = State;
			sourceTree = "<group>";
		};
		"TEMP_4F20395B-3370-488F-B220-5E808761CEF8" /* Resources */ = {
			isa = PBXGroup;
			children = (
			);
			path = Resources;
			sourceTree = "<group>";
		};
/* End PBXGroup section */

/* Begin PBXNativeTarget section */
		0330490D33C975399E937166 /* InvoiceOrganizerTests */ = {
			isa = PBXNativeTarget;
			buildConfigurationList = 4C39B41A9E6423EBC02FFA9C /* Build configuration list for PBXNativeTarget "InvoiceOrganizerTests" */;
			buildPhases = (
				E907A7C2A289B2EF39700120 /* Sources */,
			);
			buildRules = (
			);
			dependencies = (
				0AFC862923D9C073DCDBA157 /* PBXTargetDependency */,
			);
			name = InvoiceOrganizerTests;
			packageProductDependencies = (
			);
			productName = InvoiceOrganizerTests;
			productReference = 8954A8C3B26AEE2DDE97AD98 /* InvoiceOrganizerTests.xctest */;
			productType = "com.apple.product-type.bundle.unit-test";
		};
		DB3F53DC411AC364BEA3B6B1 /* InvoiceOrganizer */ = {
			isa = PBXNativeTarget;
			buildConfigurationList = 84D958AFE7FD0C8CD7232B3F /* Build configuration list for PBXNativeTarget "InvoiceOrganizer" */;
			buildPhases = (
				DEBC55A1A642B5D5A214DDEC /* Sources */,
				4C1551D59973A0B89AFC82A5 /* Resources */,
				429E38AE9F29FB419FEBEF8C /* Frameworks */,
			);
			buildRules = (
			);
			dependencies = (
			);
			name = InvoiceOrganizer;
			packageProductDependencies = (
				62C5D55AC0D492C024EC571F /* Sparkle */,
			);
			productName = InvoiceOrganizer;
			productReference = C9E8C5B1DD8E7E21DD2C4AAF /* InvoiceOrganizer.app */;
			productType = "com.apple.product-type.application";
		};
/* End PBXNativeTarget section */

/* Begin PBXProject section */
		000FCF84A82336A4DAC16ACB /* Project object */ = {
			isa = PBXProject;
			attributes = {
				BuildIndependentTargetsInParallel = YES;
				LastUpgradeCheck = 1430;
				TargetAttributes = {
				};
			};
			buildConfigurationList = 7EC55E7B2B698BCFA4996B8B /* Build configuration list for PBXProject "InvoiceOrganizer" */;
			developmentRegion = en;
			hasScannedForEncodings = 0;
			knownRegions = (
				Base,
				en,
			);
			mainGroup = 6301F4C988836EBBF64E2A60;
			minimizedProjectReferenceProxies = 1;
			packageReferences = (
				E821C1E6E832E30F01ADA55B /* XCRemoteSwiftPackageReference "Sparkle" */,
			);
			preferredProjectObjectVersion = 77;
			productRefGroup = 50CB8C71C7C71EF615B0A425 /* Products */;
			projectDirPath = "";
			projectRoot = "";
			targets = (
				DB3F53DC411AC364BEA3B6B1 /* InvoiceOrganizer */,
				0330490D33C975399E937166 /* InvoiceOrganizerTests */,
			);
		};
/* End PBXProject section */

/* Begin PBXResourcesBuildPhase section */
		4C1551D59973A0B89AFC82A5 /* Resources */ = {
			isa = PBXResourcesBuildPhase;
			buildActionMask = 2147483647;
			files = (
				09131AB5585BD3B485DED375 /* Assets.xcassets in Resources */,
			);
			runOnlyForDeploymentPostprocessing = 0;
		};
/* End PBXResourcesBuildPhase section */

/* Begin PBXSourcesBuildPhase section */
		DEBC55A1A642B5D5A214DDEC /* Sources */ = {
			isa = PBXSourcesBuildPhase;
			buildActionMask = 2147483647;
			files = (
				888957EC03D662551738A5F1 /* ActivePreviewContext.swift in Sources */,
				76ACC649AB66DB4F0C6A9380 /* AppModel.swift in Sources */,
				632AA60CA3CB899E01E5393D /* AppStorageKeys.swift in Sources */,
				6BBBDC0A858120A4FFA00036 /* ArchivePathBuilder.swift in Sources */,
				DE099784CA01A55E7785B247 /* ArtifactAccessCoordinator.swift in Sources */,
				50DDBA9ADE86B41DF95FFB33 /* ArtifactComputationCache.swift in Sources */,
				102A18CBCC8452DA3501602F /* ArtifactHandle.swift in Sources */,
				1A501FA195091734AA55172B /* ArtifactModels.swift in Sources */,
				F302FA072F9A49B5BBFF102D /* CheckForUpdatesView.swift in Sources */,
				DA52C84315CFF7BB898AAC3F /* ContentHashQueue.swift in Sources */,
				5083F31BF23A63D2CD1E6BDE /* ContentView.swift in Sources */,
				83ECCB9A5900200E7F2BA87A /* DataEntryCard.swift in Sources */,
				1165F9DA6EA3092C39C86D9C /* DocumentModels.swift in Sources */,
				4B5085087E7A30C4E56FF281 /* DocumentTextExtractor.swift in Sources */,
				674515D41F153EC079AB144F /* DragExportService.swift in Sources */,
				59DBDC8510729494AF771643 /* DuplicateDetector.swift in Sources */,
				45BA615069AA584B57C73103 /* DuplicateModels.swift in Sources */,
				FCB15CFC8FB3A1C3DCB67942 /* FileHasher.swift in Sources */,
				8FE3202B65B0675F5791F0FD /* FileSystemReconciler.swift in Sources */,
				BC83E30BB70637C9DE4A9D2F /* FileSystemWatcher.swift in Sources */,
				C6EBB48CF0C2DFE11D9FC290 /* FilenameReconciler.swift in Sources */,
				87E0FD30EEFE88B1174BD6C4 /* FolderPicker.swift in Sources */,
				D6BAFBDD7D71F31FF0AECDF4 /* FormField.swift in Sources */,
				F9A181E26A96C1A3679F9663 /* HEICConversionQueueModel.swift in Sources */,
				AAE047B68510D3CA39C47D7B /* HEICConversionService.swift in Sources */,
				A2347D9B9A9CF3FA3A53A249 /* InboxFileScanner.swift in Sources */,
				8CAAC07F44B525554D1049CD /* InvoiceArchiver.swift in Sources */,
				ADE24B3B39591DDF3C2B95CB /* InvoiceBrowserView.swift in Sources */,
				512AD01EE37BD0FB4DD60083 /* InvoiceDetailView.swift in Sources */,
				6A07946F035B7D6307032344 /* InvoiceFileRotator.swift in Sources */,
				52FC2731E83E4A0C378F19C2 /* InvoiceInternalDrag.swift in Sources */,
				8FDA23D49EA2E77B9E33C3C3 /* InvoiceOrganizer.swift in Sources */,
				C5DE422C5F2C010162EA5087 /* InvoicePreviewView.swift in Sources */,
				6A89CC3CBAFCBD7A8FAD032F /* InvoiceStructuredDataStore.swift in Sources */,
				E2A2F8CF74CE82DD1542D6BD /* InvoiceStructuredExtractionClient.swift in Sources */,
				2E9533B2D8AF0A8D79A7EA1C /* InvoiceTextStore.swift in Sources */,
				710CB18BC5826C5B8973D5CB /* InvoiceWorkflowStore.swift in Sources */,
				45DE59470A3570960FE04BFF /* InvoiceWorkspaceMover.swift in Sources */,
				0F6634A3CFB26914E3E63CE4 /* LibrarySnapshotBuilder.swift in Sources */,
				A968A5F4295E7484CDE14E37 /* MetadataCard.swift in Sources */,
				EC27B68333CFF2ABCB357807 /* MetadataCommitRequest.swift in Sources */,
				534ED6E769D4298E38C7701D /* PhysicalArtifactIdentityStore.swift in Sources */,
				376C57B76E8FB72913092367 /* PreviewAssetProvider.swift in Sources */,
				619BDB7310BD91F7B64A5AE2 /* PreviewCard.swift in Sources */,
				690DBE2327AFFDD86FCAB2A3 /* PreviewCommitRequest.swift in Sources */,
				450096BBC785EA5444440B1C /* PreviewRotationCoordinator.swift in Sources */,
				1270988C781DF49615F2340B /* PreviewSessionID.swift in Sources */,
				C3D71663279699EF4D274B0A /* PreviewViewState.swift in Sources */,
				3072378B8BFF577841B1F119 /* QueueSidebar.swift in Sources */,
				E65919A51DC8A1835F5CC1B4 /* QueueStatusCard.swift in Sources */,
				D3FC7CA9540984636610BC0F /* QueueViewContexts.swift in Sources */,
				831B14D18FD8EED458D3CDA2 /* ReplacementPreviewRenderer.swift in Sources */,
				6D6246C485A24CFA4E4FBD14 /* SelectAllOnFocus.swift in Sources */,
				69D8B620E43207AF67A772B6 /* SettingsView.swift in Sources */,
				82FA2918CA0BD70D45E76E0C /* SetupRequiredView.swift in Sources */,
				F1DD263D8142276399819C2A /* StructuredExtractionHandler.swift in Sources */,
				C78061C69E4D70916133E061 /* TextExtractionHandler.swift in Sources */,
				A66C5448BF50F5CE76501A16 /* VendorField.swift in Sources */,
				0AAE579343E7D53F5B825E37 /* WorkflowActionCoordinator.swift in Sources */,
				25EC8181CD7B97BEE5821EE4 /* WorkflowPersister.swift in Sources */,
			);
			runOnlyForDeploymentPostprocessing = 0;
		};
		E907A7C2A289B2EF39700120 /* Sources */ = {
			isa = PBXSourcesBuildPhase;
			buildActionMask = 2147483647;
			files = (
				2C138F4999BE3D047B107710 /* InvoiceOrganizerTests.swift in Sources */,
			);
			runOnlyForDeploymentPostprocessing = 0;
		};
/* End PBXSourcesBuildPhase section */

/* Begin PBXTargetDependency section */
		0AFC862923D9C073DCDBA157 /* PBXTargetDependency */ = {
			isa = PBXTargetDependency;
			target = DB3F53DC411AC364BEA3B6B1 /* InvoiceOrganizer */;
			targetProxy = 32AC6956C27B7A7CE34E7EC3 /* PBXContainerItemProxy */;
		};
/* End PBXTargetDependency section */

/* Begin XCBuildConfiguration section */
		87C351F054A7B278A5DAF26B /* Debug */ = {
			isa = XCBuildConfiguration;
			buildSettings = {
				BUNDLE_LOADER = "$(TEST_HOST)";
				CODE_SIGNING_ALLOWED = NO;
				COMBINE_HIDPI_IMAGES = YES;
				GENERATE_INFOPLIST_FILE = YES;
				LD_RUNPATH_SEARCH_PATHS = (
					"$(inherited)",
					"@executable_path/../Frameworks",
					"@loader_path/../Frameworks",
				);
				PRODUCT_BUNDLE_IDENTIFIER = com.pkm.invoiceorganizer.tests;
				SDKROOT = macosx;
				TEST_HOST = "$(BUILT_PRODUCTS_DIR)/Invoice Organizer.app/Contents/MacOS/Invoice Organizer";
			};
			name = Debug;
		};
		88A3BF83F3FDE151A7FE4CC3 /* Release */ = {
			isa = XCBuildConfiguration;
			buildSettings = {
				BUNDLE_LOADER = "$(TEST_HOST)";
				CODE_SIGNING_ALLOWED = NO;
				COMBINE_HIDPI_IMAGES = YES;
				GENERATE_INFOPLIST_FILE = YES;
				LD_RUNPATH_SEARCH_PATHS = (
					"$(inherited)",
					"@executable_path/../Frameworks",
					"@loader_path/../Frameworks",
				);
				PRODUCT_BUNDLE_IDENTIFIER = com.pkm.invoiceorganizer.tests;
				SDKROOT = macosx;
				TEST_HOST = "$(BUILT_PRODUCTS_DIR)/Invoice Organizer.app/Contents/MacOS/Invoice Organizer";
			};
			name = Release;
		};
		AAE19DBC34FD960CE9637DAF /* Debug */ = {
			isa = XCBuildConfiguration;
			buildSettings = {
				ALWAYS_SEARCH_USER_PATHS = NO;
				CLANG_ANALYZER_NONNULL = YES;
				CLANG_ANALYZER_NUMBER_OBJECT_CONVERSION = YES_AGGRESSIVE;
				CLANG_CXX_LANGUAGE_STANDARD = "gnu++14";
				CLANG_CXX_LIBRARY = "libc++";
				CLANG_ENABLE_MODULES = YES;
				CLANG_ENABLE_OBJC_ARC = YES;
				CLANG_ENABLE_OBJC_WEAK = YES;
				CLANG_WARN_BLOCK_CAPTURE_AUTORELEASING = YES;
				CLANG_WARN_BOOL_CONVERSION = YES;
				CLANG_WARN_COMMA = YES;
				CLANG_WARN_CONSTANT_CONVERSION = YES;
				CLANG_WARN_DEPRECATED_OBJC_IMPLEMENTATIONS = YES;
				CLANG_WARN_DIRECT_OBJC_ISA_USAGE = YES_ERROR;
				CLANG_WARN_DOCUMENTATION_COMMENTS = YES;
				CLANG_WARN_EMPTY_BODY = YES;
				CLANG_WARN_ENUM_CONVERSION = YES;
				CLANG_WARN_INFINITE_RECURSION = YES;
				CLANG_WARN_INT_CONVERSION = YES;
				CLANG_WARN_NON_LITERAL_NULL_CONVERSION = YES;
				CLANG_WARN_OBJC_IMPLICIT_RETAIN_SELF = YES;
				CLANG_WARN_OBJC_LITERAL_CONVERSION = YES;
				CLANG_WARN_OBJC_ROOT_CLASS = YES_ERROR;
				CLANG_WARN_QUOTED_INCLUDE_IN_FRAMEWORK_HEADER = YES;
				CLANG_WARN_RANGE_LOOP_ANALYSIS = YES;
				CLANG_WARN_STRICT_PROTOTYPES = YES;
				CLANG_WARN_SUSPICIOUS_MOVE = YES;
				CLANG_WARN_UNGUARDED_AVAILABILITY = YES_AGGRESSIVE;
				CLANG_WARN_UNREACHABLE_CODE = YES;
				CLANG_WARN__DUPLICATE_METHOD_MATCH = YES;
				COPY_PHASE_STRIP = NO;
				DEBUG_INFORMATION_FORMAT = dwarf;
				ENABLE_STRICT_OBJC_MSGSEND = YES;
				ENABLE_TESTABILITY = YES;
				GCC_C_LANGUAGE_STANDARD = gnu11;
				GCC_DYNAMIC_NO_PIC = NO;
				GCC_NO_COMMON_BLOCKS = YES;
				GCC_OPTIMIZATION_LEVEL = 0;
				GCC_PREPROCESSOR_DEFINITIONS = (
					"$(inherited)",
					"DEBUG=1",
				);
				GCC_WARN_64_TO_32_BIT_CONVERSION = YES;
				GCC_WARN_ABOUT_RETURN_TYPE = YES_ERROR;
				GCC_WARN_UNDECLARED_SELECTOR = YES;
				GCC_WARN_UNINITIALIZED_AUTOS = YES_AGGRESSIVE;
				GCC_WARN_UNUSED_FUNCTION = YES;
				GCC_WARN_UNUSED_VARIABLE = YES;
				MACOSX_DEPLOYMENT_TARGET = 14.0;
				MTL_ENABLE_DEBUG_INFO = INCLUDE_SOURCE;
				MTL_FAST_MATH = YES;
				ONLY_ACTIVE_ARCH = YES;
				PRODUCT_NAME = "$(TARGET_NAME)";
				SDKROOT = macosx;
				SWIFT_ACTIVE_COMPILATION_CONDITIONS = DEBUG;
				SWIFT_OPTIMIZATION_LEVEL = "-Onone";
				SWIFT_VERSION = 6.0;
			};
			name = Debug;
		};
		D273B1CDC0C8027D7A668F9C /* Debug */ = {
			isa = XCBuildConfiguration;
			buildSettings = {
				ASSETCATALOG_COMPILER_APPICON_NAME = AppIcon;
				CODE_SIGNING_ALLOWED = NO;
				COMBINE_HIDPI_IMAGES = YES;
				CURRENT_PROJECT_VERSION = 29;
				GENERATE_INFOPLIST_FILE = NO;
				INFOPLIST_FILE = Sources/InvoiceOrganizer/Info.plist;
				LD_RUNPATH_SEARCH_PATHS = (
					"$(inherited)",
					"@executable_path/../Frameworks",
				);
				MARKETING_VERSION = 0.6.2;
				PRODUCT_BUNDLE_IDENTIFIER = com.pkm.invoiceorganizer;
				PRODUCT_MODULE_NAME = InvoiceOrganizer;
				PRODUCT_NAME = "Invoice Organizer";
				SDKROOT = macosx;
			};
			name = Debug;
		};
		D53BED719E7B661B8A96E683 /* Release */ = {
			isa = XCBuildConfiguration;
			buildSettings = {
				ASSETCATALOG_COMPILER_APPICON_NAME = AppIcon;
				CODE_SIGNING_ALLOWED = NO;
				COMBINE_HIDPI_IMAGES = YES;
				CURRENT_PROJECT_VERSION = 29;
				GENERATE_INFOPLIST_FILE = NO;
				INFOPLIST_FILE = Sources/InvoiceOrganizer/Info.plist;
				LD_RUNPATH_SEARCH_PATHS = (
					"$(inherited)",
					"@executable_path/../Frameworks",
				);
				MARKETING_VERSION = 0.6.2;
				PRODUCT_BUNDLE_IDENTIFIER = com.pkm.invoiceorganizer;
				PRODUCT_MODULE_NAME = InvoiceOrganizer;
				PRODUCT_NAME = "Invoice Organizer";
				SDKROOT = macosx;
			};
			name = Release;
		};
		DECE105CB132AF34D6ED02D7 /* Release */ = {
			isa = XCBuildConfiguration;
			buildSettings = {
				ALWAYS_SEARCH_USER_PATHS = NO;
				CLANG_ANALYZER_NONNULL = YES;
				CLANG_ANALYZER_NUMBER_OBJECT_CONVERSION = YES_AGGRESSIVE;
				CLANG_CXX_LANGUAGE_STANDARD = "gnu++14";
				CLANG_CXX_LIBRARY = "libc++";
				CLANG_ENABLE_MODULES = YES;
				CLANG_ENABLE_OBJC_ARC = YES;
				CLANG_ENABLE_OBJC_WEAK = YES;
				CLANG_WARN_BLOCK_CAPTURE_AUTORELEASING = YES;
				CLANG_WARN_BOOL_CONVERSION = YES;
				CLANG_WARN_COMMA = YES;
				CLANG_WARN_CONSTANT_CONVERSION = YES;
				CLANG_WARN_DEPRECATED_OBJC_IMPLEMENTATIONS = YES;
				CLANG_WARN_DIRECT_OBJC_ISA_USAGE = YES_ERROR;
				CLANG_WARN_DOCUMENTATION_COMMENTS = YES;
				CLANG_WARN_EMPTY_BODY = YES;
				CLANG_WARN_ENUM_CONVERSION = YES;
				CLANG_WARN_INFINITE_RECURSION = YES;
				CLANG_WARN_INT_CONVERSION = YES;
				CLANG_WARN_NON_LITERAL_NULL_CONVERSION = YES;
				CLANG_WARN_OBJC_IMPLICIT_RETAIN_SELF = YES;
				CLANG_WARN_OBJC_LITERAL_CONVERSION = YES;
				CLANG_WARN_OBJC_ROOT_CLASS = YES_ERROR;
				CLANG_WARN_QUOTED_INCLUDE_IN_FRAMEWORK_HEADER = YES;
				CLANG_WARN_RANGE_LOOP_ANALYSIS = YES;
				CLANG_WARN_STRICT_PROTOTYPES = YES;
				CLANG_WARN_SUSPICIOUS_MOVE = YES;
				CLANG_WARN_UNGUARDED_AVAILABILITY = YES_AGGRESSIVE;
				CLANG_WARN_UNREACHABLE_CODE = YES;
				CLANG_WARN__DUPLICATE_METHOD_MATCH = YES;
				COPY_PHASE_STRIP = NO;
				DEBUG_INFORMATION_FORMAT = "dwarf-with-dsym";
				ENABLE_NS_ASSERTIONS = NO;
				ENABLE_STRICT_OBJC_MSGSEND = YES;
				GCC_C_LANGUAGE_STANDARD = gnu11;
				GCC_NO_COMMON_BLOCKS = YES;
				GCC_WARN_64_TO_32_BIT_CONVERSION = YES;
				GCC_WARN_ABOUT_RETURN_TYPE = YES_ERROR;
				GCC_WARN_UNDECLARED_SELECTOR = YES;
				GCC_WARN_UNINITIALIZED_AUTOS = YES_AGGRESSIVE;
				GCC_WARN_UNUSED_FUNCTION = YES;
				GCC_WARN_UNUSED_VARIABLE = YES;
				MACOSX_DEPLOYMENT_TARGET = 14.0;
				MTL_ENABLE_DEBUG_INFO = NO;
				MTL_FAST_MATH = YES;
				PRODUCT_NAME = "$(TARGET_NAME)";
				SDKROOT = macosx;
				SWIFT_COMPILATION_MODE = wholemodule;
				SWIFT_OPTIMIZATION_LEVEL = "-O";
				SWIFT_VERSION = 6.0;
			};
			name = Release;
		};
/* End XCBuildConfiguration section */

/* Begin XCConfigurationList section */
		4C39B41A9E6423EBC02FFA9C /* Build configuration list for PBXNativeTarget "InvoiceOrganizerTests" */ = {
			isa = XCConfigurationList;
			buildConfigurations = (
				87C351F054A7B278A5DAF26B /* Debug */,
				88A3BF83F3FDE151A7FE4CC3 /* Release */,
			);
			defaultConfigurationIsVisible = 0;
			defaultConfigurationName = Debug;
		};
		7EC55E7B2B698BCFA4996B8B /* Build configuration list for PBXProject "InvoiceOrganizer" */ = {
			isa = XCConfigurationList;
			buildConfigurations = (
				AAE19DBC34FD960CE9637DAF /* Debug */,
				DECE105CB132AF34D6ED02D7 /* Release */,
			);
			defaultConfigurationIsVisible = 0;
			defaultConfigurationName = Debug;
		};
		84D958AFE7FD0C8CD7232B3F /* Build configuration list for PBXNativeTarget "InvoiceOrganizer" */ = {
			isa = XCConfigurationList;
			buildConfigurations = (
				D273B1CDC0C8027D7A668F9C /* Debug */,
				D53BED719E7B661B8A96E683 /* Release */,
			);
			defaultConfigurationIsVisible = 0;
			defaultConfigurationName = Debug;
		};
/* End XCConfigurationList section */

/* Begin XCRemoteSwiftPackageReference section */
		E821C1E6E832E30F01ADA55B /* XCRemoteSwiftPackageReference "Sparkle" */ = {
			isa = XCRemoteSwiftPackageReference;
			repositoryURL = "https://github.com/sparkle-project/Sparkle";
			requirement = {
				kind = upToNextMajorVersion;
				minimumVersion = 2.6.0;
			};
		};
/* End XCRemoteSwiftPackageReference section */

/* Begin XCSwiftPackageProductDependency section */
		62C5D55AC0D492C024EC571F /* Sparkle */ = {
			isa = XCSwiftPackageProductDependency;
			package = E821C1E6E832E30F01ADA55B /* XCRemoteSwiftPackageReference "Sparkle" */;
			productName = Sparkle;
		};
/* End XCSwiftPackageProductDependency section */
	};
	rootObject = 000FCF84A82336A4DAC16ACB /* Project object */;
}
